
Microsoft Visual Studio Solution File, Format Version 12.00
Project("{FAE04EC0-301F-11D3-BF4B-00C04F79EFBC}") = "RedRoverChallenge", "RedRoverChallenge\RedRoverChallenge.csproj", "{E1031FB4-B98A-4379-9221-2319B277FABF}"
EndProject
Project("{FAE04EC0-301F-11D3-BF4B-00C04F79EFBC}") = "RedRoverUnitTests", "RedRoverUnitTests\RedRoverUnitTests.csproj", "{5266CBBF-C56A-47C7-9A4F-CAA45B0940FF}"
EndProject
Global
	GlobalSection(SolutionConfigurationPlatforms) = preSolution
		Debug|Any CPU = Debug|Any CPU
		Release|Any CPU = Release|Any CPU
	EndGlobalSection
	GlobalSection(ProjectConfigurationPlatforms) = postSolution
		{E1031FB4-B98A-4379-9221-2319B277FABF}.Debug|Any CPU.ActiveCfg = Debug|Any CPU
		{E1031FB4-B98A-4379-9221-2319B277FABF}.Debug|Any CPU.Build.0 = Debug|Any CPU
		{E1031FB4-B98A-4379-9221-2319B277FABF}.Release|Any CPU.ActiveCfg = Release|Any CPU
		{E1031FB4-B98A-4379-9221-2319B277FABF}.Release|Any CPU.Build.0 = Release|Any CPU
		{5266CBBF-C56A-47C7-9A4F-CAA45B0940FF}.Debug|Any CPU.ActiveCfg = Debug|Any CPU
		{5266CBBF-C56A-47C7-9A4F-CAA45B0940FF}.Debug|Any CPU.Build.0 = Debug|Any CPU
		{5266CBBF-C56A-47C7-9A4F-CAA45B0940FF}.Release|Any CPU.ActiveCfg = Release|Any CPU
		{5266CBBF-C56A-47C7-9A4F-CAA45B0940FF}.Release|Any CPU.Build.0 = Release|Any CPU
	EndGlobalSection
EndGlobal
